
Microsoft Visual Studio Solution File, Format Version 12.00
# Visual Studio 15
VisualStudioVersion = 15.0.27703.2018
MinimumVisualStudioVersion = 10.0.40219.1
Project("{FAE04EC0-301F-11D3-BF4B-00C04F79EFBC}") = "McuRegister.Android", "McuRegister\McuRegister.Android\McuRegister.Android.csproj", "{2C58A602-692F-4CAD-9091-62349185290F}"
EndProject
Project("{FAE04EC0-301F-11D3-BF4B-00C04F79EFBC}") = "McuRegister.iOS", "McuRegister\McuRegister.iOS\McuRegister.iOS.csproj", "{915CC913-3FE8-42E1-8941-F85360DEF8D5}"
EndProject
Project("{FAE04EC0-301F-11D3-BF4B-00C04F79EFBC}") = "McuRegister", "McuRegister\McuRegister\McuRegister.csproj", "{0D223416-7375-4FE9-A81A-5F07A3D0374C}"
EndProject
Global
	GlobalSection(SolutionConfigurationPlatforms) = preSolution
		Ad-Hoc|Any CPU = Ad-Hoc|Any CPU
		Ad-Hoc|iPhone = Ad-Hoc|iPhone
		Ad-Hoc|iPhoneSimulator = Ad-Hoc|iPhoneSimulator
		AppStore|Any CPU = AppStore|Any CPU
		AppStore|iPhone = AppStore|iPhone
		AppStore|iPhoneSimulator = AppStore|iPhoneSimulator
		Debug|Any CPU = Debug|Any CPU
		Debug|iPhone = Debug|iPhone
		Debug|iPhoneSimulator = Debug|iPhoneSimulator
		Release|Any CPU = Release|Any CPU
		Release|iPhone = Release|iPhone
		Release|iPhoneSimulator = Release|iPhoneSimulator
	EndGlobalSection
	GlobalSection(ProjectConfigurationPlatforms) = postSolution
		{2C58A602-692F-4CAD-9091-62349185290F}.Ad-Hoc|Any CPU.ActiveCfg = Release|Any CPU
		{2C58A602-692F-4CAD-9091-62349185290F}.Ad-Hoc|Any CPU.Build.0 = Release|Any CPU
		{2C58A602-692F-4CAD-9091-62349185290F}.Ad-Hoc|Any CPU.Deploy.0 = Release|Any CPU
		{2C58A602-692F-4CAD-9091-62349185290F}.Ad-Hoc|iPhone.ActiveCfg = Release|Any CPU
		{2C58A602-692F-4CAD-9091-62349185290F}.Ad-Hoc|iPhone.Build.0 = Release|Any CPU
		{2C58A602-692F-4CAD-9091-62349185290F}.Ad-Hoc|iPhone.Deploy.0 = Release|Any CPU
		{2C58A602-692F-4CAD-9091-62349185290F}.Ad-Hoc|iPhoneSimulator.ActiveCfg = Release|Any CPU
		{2C58A602-692F-4CAD-9091-62349185290F}.Ad-Hoc|iPhoneSimulator.Build.0 = Release|Any CPU
		{2C58A602-692F-4CAD-9091-62349185290F}.Ad-Hoc|iPhoneSimulator.Deploy.0 = Release|Any CPU
		{2C58A602-692F-4CAD-9091-62349185290F}.AppStore|Any CPU.ActiveCfg = Release|Any CPU
		{2C58A602-692F-4CAD-9091-62349185290F}.AppStore|Any CPU.Build.0 = Release|Any CPU
		{2C58A602-692F-4CAD-9091-62349185290F}.AppStore|Any CPU.Deploy.0 = Release|Any CPU
		{2C58A602-692F-4CAD-9091-62349185290F}.AppStore|iPhone.ActiveCfg = Release|Any CPU
		{2C58A602-692F-4CAD-9091-62349185290F}.AppStore|iPhone.Build.0 = Release|Any CPU
		{2C58A602-692F-4CAD-9091-62349185290F}.AppStore|iPhone.Deploy.0 = Release|Any CPU
		{2C58A602-692F-4CAD-9091-62349185290F}.AppStore|iPhoneSimulator.ActiveCfg = Release|Any CPU
		{2C58A602-692F-4CAD-9091-62349185290F}.AppStore|iPhoneSimulator.Build.0 = Release|Any CPU
		{2C58A602-692F-4CAD-9091-62349185290F}.AppStore|iPhoneSimulator.Deploy.0 = Release|Any CPU
		{2C58A602-692F-4CAD-9091-62349185290F}.Debug|Any CPU.ActiveCfg = Debug|Any CPU
		{2C58A602-692F-4CAD-9091-62349185290F}.Debug|Any CPU.Build.0 = Debug|Any CPU
		{2C58A602-692F-4CAD-9091-62349185290F}.Debug|Any CPU.Deploy.0 = Debug|Any CPU
		{2C58A602-692F-4CAD-9091-62349185290F}.Debug|iPhone.ActiveCfg = Debug|Any CPU
		{2C58A602-692F-4CAD-9091-62349185290F}.Debug|iPhone.Build.0 = Debug|Any CPU
		{2C58A602-692F-4CAD-9091-62349185290F}.Debug|iPhone.Deploy.0 = Debug|Any CPU
		{2C58A602-692F-4CAD-9091-62349185290F}.Debug|iPhoneSimulator.ActiveCfg = Debug|Any CPU
		{2C58A602-692F-4CAD-9091-62349185290F}.Debug|iPhoneSimulator.Build.0 = Debug|Any CPU
		{2C58A602-692F-4CAD-9091-62349185290F}.Debug|iPhoneSimulator.Deploy.0 = Debug|Any CPU
		{2C58A602-692F-4CAD-9091-62349185290F}.Release|Any CPU.ActiveCfg = Release|Any CPU
		{2C58A602-692F-4CAD-9091-62349185290F}.Release|Any CPU.Build.0 = Release|Any CPU
		{2C58A602-692F-4CAD-9091-62349185290F}.Release|Any CPU.Deploy.0 = Release|Any CPU
		{2C58A602-692F-4CAD-9091-62349185290F}.Release|iPhone.ActiveCfg = Release|Any CPU
		{2C58A602-692F-4CAD-9091-62349185290F}.Release|iPhone.Build.0 = Release|Any CPU
		{2C58A602-692F-4CAD-9091-62349185290F}.Release|iPhone.Deploy.0 = Release|Any CPU
		{2C58A602-692F-4CAD-9091-62349185290F}.Release|iPhoneSimulator.ActiveCfg = Release|Any CPU
		{2C58A602-692F-4CAD-9091-62349185290F}.Release|iPhoneSimulator.Build.0 = Release|Any CPU
		{2C58A602-692F-4CAD-9091-62349185290F}.Release|iPhoneSimulator.Deploy.0 = Release|Any CPU
		{915CC913-3FE8-42E1-8941-F85360DEF8D5}.Ad-Hoc|Any CPU.ActiveCfg = Ad-Hoc|iPhone
		{915CC913-3FE8-42E1-8941-F85360DEF8D5}.Ad-Hoc|Any CPU.Build.0 = Ad-Hoc|iPhone
		{915CC913-3FE8-42E1-8941-F85360DEF8D5}.Ad-Hoc|Any CPU.Deploy.0 = Ad-Hoc|iPhone
		{915CC913-3FE8-42E1-8941-F85360DEF8D5}.Ad-Hoc|iPhone.ActiveCfg = Ad-Hoc|iPhone
		{915CC913-3FE8-42E1-8941-F85360DEF8D5}.Ad-Hoc|iPhone.Build.0 = Ad-Hoc|iPhone
		{915CC913-3FE8-42E1-8941-F85360DEF8D5}.Ad-Hoc|iPhone.Deploy.0 = Ad-Hoc|iPhone
		{915CC913-3FE8-42E1-8941-F85360DEF8D5}.Ad-Hoc|iPhoneSimulator.ActiveCfg = Ad-Hoc|iPhoneSimulator
		{915CC913-3FE8-42E1-8941-F85360DEF8D5}.Ad-Hoc|iPhoneSimulator.Build.0 = Ad-Hoc|iPhoneSimulator
		{915CC913-3FE8-42E1-8941-F85360DEF8D5}.Ad-Hoc|iPhoneSimulator.Deploy.0 = Ad-Hoc|iPhoneSimulator
		{915CC913-3FE8-42E1-8941-F85360DEF8D5}.AppStore|Any CPU.ActiveCfg = AppStore|iPhone
		{915CC913-3FE8-42E1-8941-F85360DEF8D5}.AppStore|Any CPU.Build.0 = AppStore|iPhone
		{915CC913-3FE8-42E1-8941-F85360DEF8D5}.AppStore|Any CPU.Deploy.0 = AppStore|iPhone
		{915CC913-3FE8-42E1-8941-F85360DEF8D5}.AppStore|iPhone.ActiveCfg = AppStore|iPhone
		{915CC913-3FE8-42E1-8941-F85360DEF8D5}.AppStore|iPhone.Build.0 = AppStore|iPhone
		{915CC913-3FE8-42E1-8941-F85360DEF8D5}.AppStore|iPhone.Deploy.0 = AppStore|iPhone
		{915CC913-3FE8-42E1-8941-F85360DEF8D5}.AppStore|iPhoneSimulator.ActiveCfg = AppStore|iPhoneSimulator
		{915CC913-3FE8-42E1-8941-F85360DEF8D5}.AppStore|iPhoneSimulator.Build.0 = AppStore|iPhoneSimulator
		{915CC913-3FE8-42E1-8941-F85360DEF8D5}.AppStore|iPhoneSimulator.Deploy.0 = AppStore|iPhoneSimulator
		{915CC913-3FE8-42E1-8941-F85360DEF8D5}.Debug|Any CPU.ActiveCfg = Debug|iPhoneSimulator
		{915CC913-3FE8-42E1-8941-F85360DEF8D5}.Debug|Any CPU.Build.0 = Debug|iPhoneSimulator
		{915CC913-3FE8-42E1-8941-F85360DEF8D5}.Debug|Any CPU.Deploy.0 = Debug|iPhoneSimulator
		{915CC913-3FE8-42E1-8941-F85360DEF8D5}.Debug|iPhone.ActiveCfg = Debug|iPhone
		{915CC913-3FE8-42E1-8941-F85360DEF8D5}.Debug|iPhone.Build.0 = Debug|iPhone
		{915CC913-3FE8-42E1-8941-F85360DEF8D5}.Debug|iPhone.Deploy.0 = Debug|iPhone
		{915CC913-3FE8-42E1-8941-F85360DEF8D5}.Debug|iPhoneSimulator.ActiveCfg = Debug|iPhoneSimulator
		{915CC913-3FE8-42E1-8941-F85360DEF8D5}.Debug|iPhoneSimulator.Build.0 = Debug|iPhoneSimulator
		{915CC913-3FE8-42E1-8941-F85360DEF8D5}.Debug|iPhoneSimulator.Deploy.0 = Debug|iPhoneSimulator
		{915CC913-3FE8-42E1-8941-F85360DEF8D5}.Release|Any CPU.ActiveCfg = Release|iPhone
		{915CC913-3FE8-42E1-8941-F85360DEF8D5}.Release|Any CPU.Build.0 = Release|iPhone
		{915CC913-3FE8-42E1-8941-F85360DEF8D5}.Release|Any CPU.Deploy.0 = Release|iPhone
		{915CC913-3FE8-42E1-8941-F85360DEF8D5}.Release|iPhone.ActiveCfg = Release|iPhone
		{915CC913-3FE8-42E1-8941-F85360DEF8D5}.Release|iPhone.Build.0 = Release|iPhone
		{915CC913-3FE8-42E1-8941-F85360DEF8D5}.Release|iPhone.Deploy.0 = Release|iPhone
		{915CC913-3FE8-42E1-8941-F85360DEF8D5}.Release|iPhoneSimulator.ActiveCfg = Release|iPhoneSimulator
		{915CC913-3FE8-42E1-8941-F85360DEF8D5}.Release|iPhoneSimulator.Build.0 = Release|iPhoneSimulator
		{915CC913-3FE8-42E1-8941-F85360DEF8D5}.Release|iPhoneSimulator.Deploy.0 = Release|iPhoneSimulator
		{0D223416-7375-4FE9-A81A-5F07A3D0374C}.Ad-Hoc|Any CPU.ActiveCfg = Debug|Any CPU
		{0D223416-7375-4FE9-A81A-5F07A3D0374C}.Ad-Hoc|Any CPU.Build.0 = Debug|Any CPU
		{0D223416-7375-4FE9-A81A-5F07A3D0374C}.Ad-Hoc|Any CPU.Deploy.0 = Debug|Any CPU
		{0D223416-7375-4FE9-A81A-5F07A3D0374C}.Ad-Hoc|iPhone.ActiveCfg = Debug|Any CPU
		{0D223416-7375-4FE9-A81A-5F07A3D0374C}.Ad-Hoc|iPhone.Build.0 = Debug|Any CPU
		{0D223416-7375-4FE9-A81A-5F07A3D0374C}.Ad-Hoc|iPhone.Deploy.0 = Debug|Any CPU
		{0D223416-7375-4FE9-A81A-5F07A3D0374C}.Ad-Hoc|iPhoneSimulator.ActiveCfg = Debug|Any CPU
		{0D223416-7375-4FE9-A81A-5F07A3D0374C}.Ad-Hoc|iPhoneSimulator.Build.0 = Debug|Any CPU
		{0D223416-7375-4FE9-A81A-5F07A3D0374C}.Ad-Hoc|iPhoneSimulator.Deploy.0 = Debug|Any CPU
		{0D223416-7375-4FE9-A81A-5F07A3D0374C}.AppStore|Any CPU.ActiveCfg = Debug|Any CPU
		{0D223416-7375-4FE9-A81A-5F07A3D0374C}.AppStore|Any CPU.Build.0 = Debug|Any CPU
		{0D223416-7375-4FE9-A81A-5F07A3D0374C}.AppStore|Any CPU.Deploy.0 = Debug|Any CPU
		{0D223416-7375-4FE9-A81A-5F07A3D0374C}.AppStore|iPhone.ActiveCfg = Debug|Any CPU
		{0D223416-7375-4FE9-A81A-5F07A3D0374C}.AppStore|iPhone.Build.0 = Debug|Any CPU
		{0D223416-7375-4FE9-A81A-5F07A3D0374C}.AppStore|iPhone.Deploy.0 = Debug|Any CPU
		{0D223416-7375-4FE9-A81A-5F07A3D0374C}.AppStore|iPhoneSimulator.ActiveCfg = Debug|Any CPU
		{0D223416-7375-4FE9-A81A-5F07A3D0374C}.AppStore|iPhoneSimulator.Build.0 = Debug|Any CPU
		{0D223416-7375-4FE9-A81A-5F07A3D0374C}.AppStore|iPhoneSimulator.Deploy.0 = Debug|Any CPU
		{0D223416-7375-4FE9-A81A-5F07A3D0374C}.Debug|Any CPU.ActiveCfg = Debug|Any CPU
		{0D223416-7375-4FE9-A81A-5F07A3D0374C}.Debug|Any CPU.Build.0 = Debug|Any CPU
		{0D223416-7375-4FE9-A81A-5F07A3D0374C}.Debug|Any CPU.Deploy.0 = Debug|Any CPU
		{0D223416-7375-4FE9-A81A-5F07A3D0374C}.Debug|iPhone.ActiveCfg = Debug|Any CPU
		{0D223416-7375-4FE9-A81A-5F07A3D0374C}.Debug|iPhone.Build.0 = Debug|Any CPU
		{0D223416-7375-4FE9-A81A-5F07A3D0374C}.Debug|iPhone.Deploy.0 = Debug|Any CPU
		{0D223416-7375-4FE9-A81A-5F07A3D0374C}.Debug|iPhoneSimulator.ActiveCfg = Debug|Any CPU
		{0D223416-7375-4FE9-A81A-5F07A3D0374C}.Debug|iPhoneSimulator.Build.0 = Debug|Any CPU
		{0D223416-7375-4FE9-A81A-5F07A3D0374C}.Debug|iPhoneSimulator.Deploy.0 = Debug|Any CPU
		{0D223416-7375-4FE9-A81A-5F07A3D0374C}.Release|Any CPU.ActiveCfg = Release|Any CPU
		{0D223416-7375-4FE9-A81A-5F07A3D0374C}.Release|Any CPU.Build.0 = Release|Any CPU
		{0D223416-7375-4FE9-A81A-5F07A3D0374C}.Release|Any CPU.Deploy.0 = Release|Any CPU
		{0D223416-7375-4FE9-A81A-5F07A3D0374C}.Release|iPhone.ActiveCfg = Release|Any CPU
		{0D223416-7375-4FE9-A81A-5F07A3D0374C}.Release|iPhone.Build.0 = Release|Any CPU
		{0D223416-7375-4FE9-A81A-5F07A3D0374C}.Release|iPhone.Deploy.0 = Release|Any CPU
		{0D223416-7375-4FE9-A81A-5F07A3D0374C}.Release|iPhoneSimulator.ActiveCfg = Release|Any CPU
		{0D223416-7375-4FE9-A81A-5F07A3D0374C}.Release|iPhoneSimulator.Build.0 = Release|Any CPU
		{0D223416-7375-4FE9-A81A-5F07A3D0374C}.Release|iPhoneSimulator.Deploy.0 = Release|Any CPU
	EndGlobalSection
	GlobalSection(SolutionProperties) = preSolution
		HideSolutionNode = FALSE
	EndGlobalSection
	GlobalSection(ExtensibilityGlobals) = postSolution
		SolutionGuid = {A9519CFB-497E-4E8B-991D-6D66CADA5E12}
	EndGlobalSection
EndGlobal
